
Microsoft Visual Studio Solution File, Format Version 12.00
# Visual Studio Version 17
VisualStudioVersion = 17.11.35303.130
MinimumVisualStudioVersion = 10.0.40219.1
Project("{2150E333-8FDC-42A3-9474-1A3956D46DE8}") = "Tests", "Tests", "{28A15C75-154A-4901-8C2B-A84D123F3E39}"
EndProject
Project("{9A19103F-16F7-4668-BE54-9A1E7A4F7556}") = "HCF.HPPA.Repository", "Repositories\HCF.HPPA.Repository.csproj", "{4BBC5850-CD96-4E2C-9339-FBB7FB90949E}"
EndProject
Project("{9A19103F-16F7-4668-BE54-9A1E7A4F7556}") = "HCF.HPPA.API", "Api\HCF.HPPA.API.csproj", "{627F1BE7-C519-4C25-88E7-0C25239145BB}"
EndProject
Project("{9A19103F-16F7-4668-BE54-9A1E7A4F7556}") = "HCF.HPPA.Common", "Common\HCF.HPPA.Common.csproj", "{15AD380C-FEA0-4DC2-A441-B3D48D24BAD4}"
EndProject
Project("{9A19103F-16F7-4668-BE54-9A1E7A4F7556}") = "HCF.HPPA.Domain", "Domain\HCF.HPPA.Domain.csproj", "{215C894E-562D-468C-A5E0-4BE9B2DF54D1}"
EndProject
Project("{9A19103F-16F7-4668-BE54-9A1E7A4F7556}") = "HCF.HPPA.ExternalServices.Contracts", "ExternalServices.Contracts\HCF.HPPA.ExternalServices.Contracts.csproj", "{BDA38253-0A2A-4420-BC73-8BF5D1B647E3}"
EndProject
Project("{9A19103F-16F7-4668-BE54-9A1E7A4F7556}") = "HCF.HPPA.ExternalServices.Providers", "ExternalServices.Providers\HCF.HPPA.ExternalServices.Providers.csproj", "{F3111E22-8F90-457D-BB9F-777B4E50D464}"
EndProject
Project("{9A19103F-16F7-4668-BE54-9A1E7A4F7556}") = "HCF.HPPA.Utils", "Utils\HCF.HPPA.Utils.csproj", "{CEA2C190-9A71-4F26-B1AF-DC6CDFBC761B}"
EndProject
Project("{9A19103F-16F7-4668-BE54-9A1E7A4F7556}") = "HCF.HPPA.UnitTest", "Tests\HCF.HPPA.UnitTest\HCF.HPPA.UnitTest.csproj", "{457FCEAF-0A99-498C-A581-A161AB98E7E2}"
EndProject
Project("{9A19103F-16F7-4668-BE54-9A1E7A4F7556}") = "HCF.HPPAApi.Models", "Api.Models\HCF.HPPAApi.Models.csproj", "{837510E5-1579-4BB6-9BC4-ADFAAEC52E5C}"
EndProject
Global
	GlobalSection(SolutionConfigurationPlatforms) = preSolution
		Debug|Any CPU = Debug|Any CPU
		Release|Any CPU = Release|Any CPU
	EndGlobalSection
	GlobalSection(ProjectConfigurationPlatforms) = postSolution
		{4BBC5850-CD96-4E2C-9339-FBB7FB90949E}.Debug|Any CPU.ActiveCfg = Debug|Any CPU
		{4BBC5850-CD96-4E2C-9339-FBB7FB90949E}.Debug|Any CPU.Build.0 = Debug|Any CPU
		{4BBC5850-CD96-4E2C-9339-FBB7FB90949E}.Release|Any CPU.ActiveCfg = Release|Any CPU
		{4BBC5850-CD96-4E2C-9339-FBB7FB90949E}.Release|Any CPU.Build.0 = Release|Any CPU
		{627F1BE7-C519-4C25-88E7-0C25239145BB}.Debug|Any CPU.ActiveCfg = Debug|Any CPU
		{627F1BE7-C519-4C25-88E7-0C25239145BB}.Debug|Any CPU.Build.0 = Debug|Any CPU
		{627F1BE7-C519-4C25-88E7-0C25239145BB}.Release|Any CPU.ActiveCfg = Release|Any CPU
		{627F1BE7-C519-4C25-88E7-0C25239145BB}.Release|Any CPU.Build.0 = Release|Any CPU
		{15AD380C-FEA0-4DC2-A441-B3D48D24BAD4}.Debug|Any CPU.ActiveCfg = Debug|Any CPU
		{15AD380C-FEA0-4DC2-A441-B3D48D24BAD4}.Debug|Any CPU.Build.0 = Debug|Any CPU
		{15AD380C-FEA0-4DC2-A441-B3D48D24BAD4}.Release|Any CPU.ActiveCfg = Release|Any CPU
		{15AD380C-FEA0-4DC2-A441-B3D48D24BAD4}.Release|Any CPU.Build.0 = Release|Any CPU
		{215C894E-562D-468C-A5E0-4BE9B2DF54D1}.Debug|Any CPU.ActiveCfg = Debug|Any CPU
		{215C894E-562D-468C-A5E0-4BE9B2DF54D1}.Debug|Any CPU.Build.0 = Debug|Any CPU
		{215C894E-562D-468C-A5E0-4BE9B2DF54D1}.Release|Any CPU.ActiveCfg = Release|Any CPU
		{215C894E-562D-468C-A5E0-4BE9B2DF54D1}.Release|Any CPU.Build.0 = Release|Any CPU
		{BDA38253-0A2A-4420-BC73-8BF5D1B647E3}.Debug|Any CPU.ActiveCfg = Debug|Any CPU
		{BDA38253-0A2A-4420-BC73-8BF5D1B647E3}.Debug|Any CPU.Build.0 = Debug|Any CPU
		{BDA38253-0A2A-4420-BC73-8BF5D1B647E3}.Release|Any CPU.ActiveCfg = Release|Any CPU
		{BDA38253-0A2A-4420-BC73-8BF5D1B647E3}.Release|Any CPU.Build.0 = Release|Any CPU
		{F3111E22-8F90-457D-BB9F-777B4E50D464}.Debug|Any CPU.ActiveCfg = Debug|Any CPU
		{F3111E22-8F90-457D-BB9F-777B4E50D464}.Debug|Any CPU.Build.0 = Debug|Any CPU
		{F3111E22-8F90-457D-BB9F-777B4E50D464}.Release|Any CPU.ActiveCfg = Release|Any CPU
		{F3111E22-8F90-457D-BB9F-777B4E50D464}.Release|Any CPU.Build.0 = Release|Any CPU
		{CEA2C190-9A71-4F26-B1AF-DC6CDFBC761B}.Debug|Any CPU.ActiveCfg = Debug|Any CPU
		{CEA2C190-9A71-4F26-B1AF-DC6CDFBC761B}.Debug|Any CPU.Build.0 = Debug|Any CPU
		{CEA2C190-9A71-4F26-B1AF-DC6CDFBC761B}.Release|Any CPU.ActiveCfg = Release|Any CPU
		{CEA2C190-9A71-4F26-B1AF-DC6CDFBC761B}.Release|Any CPU.Build.0 = Release|Any CPU
		{457FCEAF-0A99-498C-A581-A161AB98E7E2}.Debug|Any CPU.ActiveCfg = Debug|Any CPU
		{457FCEAF-0A99-498C-A581-A161AB98E7E2}.Debug|Any CPU.Build.0 = Debug|Any CPU
		{457FCEAF-0A99-498C-A581-A161AB98E7E2}.Release|Any CPU.ActiveCfg = Release|Any CPU
		{457FCEAF-0A99-498C-A581-A161AB98E7E2}.Release|Any CPU.Build.0 = Release|Any CPU
		{837510E5-1579-4BB6-9BC4-ADFAAEC52E5C}.Debug|Any CPU.ActiveCfg = Debug|Any CPU
		{837510E5-1579-4BB6-9BC4-ADFAAEC52E5C}.Debug|Any CPU.Build.0 = Debug|Any CPU
		{837510E5-1579-4BB6-9BC4-ADFAAEC52E5C}.Release|Any CPU.ActiveCfg = Release|Any CPU
		{837510E5-1579-4BB6-9BC4-ADFAAEC52E5C}.Release|Any CPU.Build.0 = Release|Any CPU
	EndGlobalSection
	GlobalSection(SolutionProperties) = preSolution
		HideSolutionNode = FALSE
	EndGlobalSection
	GlobalSection(NestedProjects) = preSolution
		{457FCEAF-0A99-498C-A581-A161AB98E7E2} = {28A15C75-154A-4901-8C2B-A84D123F3E39}
	EndGlobalSection
	GlobalSection(ExtensibilityGlobals) = postSolution
		SolutionGuid = {17D5D80C-D7A1-4130-97FC-9EA51550BDFB}
	EndGlobalSection
EndGlobal
