
Microsoft Visual Studio Solution File, Format Version 12.00
# Visual Studio Version 17
VisualStudioVersion = 17.11.35303.130
MinimumVisualStudioVersion = 10.0.40219.1
Project("{9A19103F-16F7-4668-BE54-9A1E7A4F7556}") = "HCF.HPPA.API", "HCF.HPPA\HCF.HPPA.API.csproj", "{41138017-1DED-42EE-B887-E8C9F6CD4EF2}"
EndProject
Project("{9A19103F-16F7-4668-BE54-9A1E7A4F7556}") = "HCF.HPPA.UnitTest", "HCF.HPPA.UnitTest\HCF.HPPA.UnitTest.csproj", "{0F5883F6-C907-42E7-88FC-64BBB62372A6}"
EndProject
Project("{9A19103F-16F7-4668-BE54-9A1E7A4F7556}") = "HCF.HPPA.Entities", "HCF.HPPA.Entities\HCF.HPPA.Entities.csproj", "{4781245F-ABFE-4243-B104-326F5A601EEB}"
EndProject
Project("{9A19103F-16F7-4668-BE54-9A1E7A4F7556}") = "HCF.HPPA.Service", "HCF.HPPA.Service\HCF.HPPA.Service.csproj", "{271B2AB3-4212-4D97-B31A-F5378ABD61F0}"
EndProject
Project("{9A19103F-16F7-4668-BE54-9A1E7A4F7556}") = "HCF.HPPA.Repository", "HCF.HPPA.Repository\HCF.HPPA.Repository.csproj", "{64FEB345-B59C-4496-9BB0-ED568A375FDB}"
EndProject
Global
	GlobalSection(SolutionConfigurationPlatforms) = preSolution
		Debug|Any CPU = Debug|Any CPU
		Release|Any CPU = Release|Any CPU
	EndGlobalSection
	GlobalSection(ProjectConfigurationPlatforms) = postSolution
		{41138017-1DED-42EE-B887-E8C9F6CD4EF2}.Debug|Any CPU.ActiveCfg = Debug|Any CPU
		{41138017-1DED-42EE-B887-E8C9F6CD4EF2}.Debug|Any CPU.Build.0 = Debug|Any CPU
		{41138017-1DED-42EE-B887-E8C9F6CD4EF2}.Release|Any CPU.ActiveCfg = Release|Any CPU
		{41138017-1DED-42EE-B887-E8C9F6CD4EF2}.Release|Any CPU.Build.0 = Release|Any CPU
		{0F5883F6-C907-42E7-88FC-64BBB62372A6}.Debug|Any CPU.ActiveCfg = Debug|Any CPU
		{0F5883F6-C907-42E7-88FC-64BBB62372A6}.Debug|Any CPU.Build.0 = Debug|Any CPU
		{0F5883F6-C907-42E7-88FC-64BBB62372A6}.Release|Any CPU.ActiveCfg = Release|Any CPU
		{0F5883F6-C907-42E7-88FC-64BBB62372A6}.Release|Any CPU.Build.0 = Release|Any CPU
		{4781245F-ABFE-4243-B104-326F5A601EEB}.Debug|Any CPU.ActiveCfg = Debug|Any CPU
		{4781245F-ABFE-4243-B104-326F5A601EEB}.Debug|Any CPU.Build.0 = Debug|Any CPU
		{4781245F-ABFE-4243-B104-326F5A601EEB}.Release|Any CPU.ActiveCfg = Release|Any CPU
		{4781245F-ABFE-4243-B104-326F5A601EEB}.Release|Any CPU.Build.0 = Release|Any CPU
		{271B2AB3-4212-4D97-B31A-F5378ABD61F0}.Debug|Any CPU.ActiveCfg = Debug|Any CPU
		{271B2AB3-4212-4D97-B31A-F5378ABD61F0}.Debug|Any CPU.Build.0 = Debug|Any CPU
		{271B2AB3-4212-4D97-B31A-F5378ABD61F0}.Release|Any CPU.ActiveCfg = Release|Any CPU
		{271B2AB3-4212-4D97-B31A-F5378ABD61F0}.Release|Any CPU.Build.0 = Release|Any CPU
		{64FEB345-B59C-4496-9BB0-ED568A375FDB}.Debug|Any CPU.ActiveCfg = Debug|Any CPU
		{64FEB345-B59C-4496-9BB0-ED568A375FDB}.Debug|Any CPU.Build.0 = Debug|Any CPU
		{64FEB345-B59C-4496-9BB0-ED568A375FDB}.Release|Any CPU.ActiveCfg = Release|Any CPU
		{64FEB345-B59C-4496-9BB0-ED568A375FDB}.Release|Any CPU.Build.0 = Release|Any CPU
	EndGlobalSection
	GlobalSection(SolutionProperties) = preSolution
		HideSolutionNode = FALSE
	EndGlobalSection
	GlobalSection(ExtensibilityGlobals) = postSolution
		SolutionGuid = {17D5D80C-D7A1-4130-97FC-9EA51550BDFB}
	EndGlobalSection
EndGlobal
